Microsoft Visual Studio Solution File, Format Version 12.00
# Visual Studio Version 17
VisualStudioVersion = 17.5.2.0
MinimumVisualStudioVersion = 10.0.40219.1
Project("{FAE04EC0-301F-11D3-BF4B-00C04F79EFBC}") = "RegistroDeAtendimento.Api", "RegistroDeAtendimento.Api\RegistroDeAtendimento.Api.csproj", "{CF3591CE-EEEE-1213-DF79-0C48577C0DDD}"
EndProject
Project("{FAE04EC0-301F-11D3-BF4B-00C04F79EFBC}") = "RegistroDeAtendimento.Application", "RegistroDeAtendimento.Application\RegistroDeAtendimento.Application.csproj", "{D0941652-D570-812A-222F-8287E50F8478}"
EndProject
Project("{FAE04EC0-301F-11D3-BF4B-00C04F79EFBC}") = "RegistroDeAtendimento.Domain", "RegistroDeAtendimento.Domain\RegistroDeAtendimento.Domain.csproj", "{363C4727-F80F-865B-97D5-B658D5928294}"
EndProject
Project("{FAE04EC0-301F-11D3-BF4B-00C04F79EFBC}") = "RegistroDeAtendimento.Infrastructure", "RegistroDeAtendimento.Infrastructure\RegistroDeAtendimento.Infrastructure.csproj", "{4A67FD74-1AD4-96F1-4681-3F71137E12D9}"
EndProject
Project("{FAE04EC0-301F-11D3-BF4B-00C04F79EFBC}") = "RegistroDeAtendimento.Shared", "RegistroDeAtendimento.Shared\RegistroDeAtendimento.Shared.csproj", "{933D2DD8-5BC5-68CF-AEBB-C8836410980B}"
EndProject
Project("{FAE04EC0-301F-11D3-BF4B-00C04F79EFBC}") = "Shared.Tests", "Shared.Tests\Shared.Tests.csproj", "{04CFD200-CAD4-ED76-30CE-5DE6CF0596FD}"
EndProject
Project("{2150E333-8FDC-42A3-9474-1A3956D46DE8}") = "Tests", "Tests", "{0AB3BF05-4346-4AA6-1389-037BE0695223}"
EndProject
Project("{FAE04EC0-301F-11D3-BF4B-00C04F79EFBC}") = "Api.Tests", "Tests\Api.Tests\Api.Tests.csproj", "{9023C2BC-7477-E627-79FC-76EE7396F02B}"
EndProject
Project("{FAE04EC0-301F-11D3-BF4B-00C04F79EFBC}") = "Application.Tests", "Tests\Application.Tests\Application.Tests.csproj", "{D36F9506-00AD-3D0B-2CDA-FF6675FE1CF3}"
EndProject
Project("{FAE04EC0-301F-11D3-BF4B-00C04F79EFBC}") = "Domain.Tests", "Tests\Domain.Tests\Domain.Tests.csproj", "{D19EC1F5-C078-7E5B-36AE-DFCE41FA074A}"
EndProject
Project("{FAE04EC0-301F-11D3-BF4B-00C04F79EFBC}") = "Infrastructure.Tests", "Tests\Infrastructure.Tests\Infrastructure.Tests.csproj", "{D70DBF93-D630-3235-55D5-B5AB16D8C4E3}"
EndProject
Global
	GlobalSection(SolutionConfigurationPlatforms) = preSolution
		Debug|Any CPU = Debug|Any CPU
		Release|Any CPU = Release|Any CPU
	EndGlobalSection
	GlobalSection(ProjectConfigurationPlatforms) = postSolution
		{CF3591CE-EEEE-1213-DF79-0C48577C0DDD}.Debug|Any CPU.ActiveCfg = Debug|Any CPU
		{CF3591CE-EEEE-1213-DF79-0C48577C0DDD}.Debug|Any CPU.Build.0 = Debug|Any CPU
		{CF3591CE-EEEE-1213-DF79-0C48577C0DDD}.Release|Any CPU.ActiveCfg = Release|Any CPU
		{CF3591CE-EEEE-1213-DF79-0C48577C0DDD}.Release|Any CPU.Build.0 = Release|Any CPU
		{D0941652-D570-812A-222F-8287E50F8478}.Debug|Any CPU.ActiveCfg = Debug|Any CPU
		{D0941652-D570-812A-222F-8287E50F8478}.Debug|Any CPU.Build.0 = Debug|Any CPU
		{D0941652-D570-812A-222F-8287E50F8478}.Release|Any CPU.ActiveCfg = Release|Any CPU
		{D0941652-D570-812A-222F-8287E50F8478}.Release|Any CPU.Build.0 = Release|Any CPU
		{363C4727-F80F-865B-97D5-B658D5928294}.Debug|Any CPU.ActiveCfg = Debug|Any CPU
		{363C4727-F80F-865B-97D5-B658D5928294}.Debug|Any CPU.Build.0 = Debug|Any CPU
		{363C4727-F80F-865B-97D5-B658D5928294}.Release|Any CPU.ActiveCfg = Release|Any CPU
		{363C4727-F80F-865B-97D5-B658D5928294}.Release|Any CPU.Build.0 = Release|Any CPU
		{4A67FD74-1AD4-96F1-4681-3F71137E12D9}.Debug|Any CPU.ActiveCfg = Debug|Any CPU
		{4A67FD74-1AD4-96F1-4681-3F71137E12D9}.Debug|Any CPU.Build.0 = Debug|Any CPU
		{4A67FD74-1AD4-96F1-4681-3F71137E12D9}.Release|Any CPU.ActiveCfg = Release|Any CPU
		{4A67FD74-1AD4-96F1-4681-3F71137E12D9}.Release|Any CPU.Build.0 = Release|Any CPU
		{933D2DD8-5BC5-68CF-AEBB-C8836410980B}.Debug|Any CPU.ActiveCfg = Debug|Any CPU
		{933D2DD8-5BC5-68CF-AEBB-C8836410980B}.Debug|Any CPU.Build.0 = Debug|Any CPU
		{933D2DD8-5BC5-68CF-AEBB-C8836410980B}.Release|Any CPU.ActiveCfg = Release|Any CPU
		{933D2DD8-5BC5-68CF-AEBB-C8836410980B}.Release|Any CPU.Build.0 = Release|Any CPU
		{04CFD200-CAD4-ED76-30CE-5DE6CF0596FD}.Debug|Any CPU.ActiveCfg = Debug|Any CPU
		{04CFD200-CAD4-ED76-30CE-5DE6CF0596FD}.Debug|Any CPU.Build.0 = Debug|Any CPU
		{04CFD200-CAD4-ED76-30CE-5DE6CF0596FD}.Release|Any CPU.ActiveCfg = Release|Any CPU
		{04CFD200-CAD4-ED76-30CE-5DE6CF0596FD}.Release|Any CPU.Build.0 = Release|Any CPU
		{9023C2BC-7477-E627-79FC-76EE7396F02B}.Debug|Any CPU.ActiveCfg = Debug|Any CPU
		{9023C2BC-7477-E627-79FC-76EE7396F02B}.Debug|Any CPU.Build.0 = Debug|Any CPU
		{9023C2BC-7477-E627-79FC-76EE7396F02B}.Release|Any CPU.ActiveCfg = Release|Any CPU
		{9023C2BC-7477-E627-79FC-76EE7396F02B}.Release|Any CPU.Build.0 = Release|Any CPU
		{D36F9506-00AD-3D0B-2CDA-FF6675FE1CF3}.Debug|Any CPU.ActiveCfg = Debug|Any CPU
		{D36F9506-00AD-3D0B-2CDA-FF6675FE1CF3}.Debug|Any CPU.Build.0 = Debug|Any CPU
		{D36F9506-00AD-3D0B-2CDA-FF6675FE1CF3}.Release|Any CPU.ActiveCfg = Release|Any CPU
		{D36F9506-00AD-3D0B-2CDA-FF6675FE1CF3}.Release|Any CPU.Build.0 = Release|Any CPU
		{D19EC1F5-C078-7E5B-36AE-DFCE41FA074A}.Debug|Any CPU.ActiveCfg = Debug|Any CPU
		{D19EC1F5-C078-7E5B-36AE-DFCE41FA074A}.Debug|Any CPU.Build.0 = Debug|Any CPU
		{D19EC1F5-C078-7E5B-36AE-DFCE41FA074A}.Release|Any CPU.ActiveCfg = Release|Any CPU
		{D19EC1F5-C078-7E5B-36AE-DFCE41FA074A}.Release|Any CPU.Build.0 = Release|Any CPU
		{D70DBF93-D630-3235-55D5-B5AB16D8C4E3}.Debug|Any CPU.ActiveCfg = Debug|Any CPU
		{D70DBF93-D630-3235-55D5-B5AB16D8C4E3}.Debug|Any CPU.Build.0 = Debug|Any CPU
		{D70DBF93-D630-3235-55D5-B5AB16D8C4E3}.Release|Any CPU.ActiveCfg = Release|Any CPU
		{D70DBF93-D630-3235-55D5-B5AB16D8C4E3}.Release|Any CPU.Build.0 = Release|Any CPU
	EndGlobalSection
	GlobalSection(SolutionProperties) = preSolution
		HideSolutionNode = FALSE
	EndGlobalSection
	GlobalSection(NestedProjects) = preSolution
		{9023C2BC-7477-E627-79FC-76EE7396F02B} = {0AB3BF05-4346-4AA6-1389-037BE0695223}
		{D36F9506-00AD-3D0B-2CDA-FF6675FE1CF3} = {0AB3BF05-4346-4AA6-1389-037BE0695223}
		{D19EC1F5-C078-7E5B-36AE-DFCE41FA074A} = {0AB3BF05-4346-4AA6-1389-037BE0695223}
		{D70DBF93-D630-3235-55D5-B5AB16D8C4E3} = {0AB3BF05-4346-4AA6-1389-037BE0695223}
	EndGlobalSection
	GlobalSection(ExtensibilityGlobals) = postSolution
		SolutionGuid = {986C6203-0838-4E64-964F-79C7B0554722}
	EndGlobalSection
EndGlobal
